
Microsoft Visual Studio Solution File, Format Version 12.00
# Visual Studio Version 17
VisualStudioVersion = 17.3.32804.467
MinimumVisualStudioVersion = 10.0.40219.1
Project("{FAE04EC0-301F-11D3-BF4B-00C04F79EFBC}") = "Net6Api", "Net6Api\Net6Api.csproj", "{F2A8F323-EC96-45D7-80DD-7E82948CD5D8}"
EndProject
Project("{FAE04EC0-301F-11D3-BF4B-00C04F79EFBC}") = "Net6Api.Domain", "Net6Api.Domain\Net6Api.Domain.csproj", "{7ADD4838-63DE-49E5-9C9E-1C0814D35B53}"
EndProject
Project("{FAE04EC0-301F-11D3-BF4B-00C04F79EFBC}") = "Net6Api.Infrastructure", "Net6Api.Infrastructure\Net6Api.Infrastructure.csproj", "{84494205-CB43-443C-B29B-1FB48201F783}"
EndProject
Global
	GlobalSection(SolutionConfigurationPlatforms) = preSolution
		Debug|Any CPU = Debug|Any CPU
		Release|Any CPU = Release|Any CPU
	EndGlobalSection
	GlobalSection(ProjectConfigurationPlatforms) = postSolution
		{F2A8F323-EC96-45D7-80DD-7E82948CD5D8}.Debug|Any CPU.ActiveCfg = Debug|Any CPU
		{F2A8F323-EC96-45D7-80DD-7E82948CD5D8}.Debug|Any CPU.Build.0 = Debug|Any CPU
		{F2A8F323-EC96-45D7-80DD-7E82948CD5D8}.Release|Any CPU.ActiveCfg = Release|Any CPU
		{F2A8F323-EC96-45D7-80DD-7E82948CD5D8}.Release|Any CPU.Build.0 = Release|Any CPU
		{7ADD4838-63DE-49E5-9C9E-1C0814D35B53}.Debug|Any CPU.ActiveCfg = Debug|Any CPU
		{7ADD4838-63DE-49E5-9C9E-1C0814D35B53}.Debug|Any CPU.Build.0 = Debug|Any CPU
		{7ADD4838-63DE-49E5-9C9E-1C0814D35B53}.Release|Any CPU.ActiveCfg = Release|Any CPU
		{7ADD4838-63DE-49E5-9C9E-1C0814D35B53}.Release|Any CPU.Build.0 = Release|Any CPU
		{84494205-CB43-443C-B29B-1FB48201F783}.Debug|Any CPU.ActiveCfg = Debug|Any CPU
		{84494205-CB43-443C-B29B-1FB48201F783}.Debug|Any CPU.Build.0 = Debug|Any CPU
		{84494205-CB43-443C-B29B-1FB48201F783}.Release|Any CPU.ActiveCfg = Release|Any CPU
		{84494205-CB43-443C-B29B-1FB48201F783}.Release|Any CPU.Build.0 = Release|Any CPU
	EndGlobalSection
	GlobalSection(SolutionProperties) = preSolution
		HideSolutionNode = FALSE
	EndGlobalSection
	GlobalSection(ExtensibilityGlobals) = postSolution
		SolutionGuid = {52E62516-2CE5-42E8-B2AF-E047A681CA8F}
	EndGlobalSection
EndGlobal
